
Microsoft Visual Studio Solution File, Format Version 12.00
# Visual Studio Version 17
VisualStudioVersion = 17.14.36623.8 d17.14
MinimumVisualStudioVersion = 10.0.40219.1
Project("{FAE04EC0-301F-11D3-BF4B-00C04F79EFBC}") = "frontend", "frontend\frontend.csproj", "{EDC410B9-0B18-42BA-A5D4-B82C92C63C83}"
EndProject
Global
	GlobalSection(SolutionConfigurationPlatforms) = preSolution
		Debug|Any CPU = Debug|Any CPU
		Release|Any CPU = Release|Any CPU
	EndGlobalSection
	GlobalSection(ProjectConfigurationPlatforms) = postSolution
		{EDC410B9-0B18-42BA-A5D4-B82C92C63C83}.Debug|Any CPU.ActiveCfg = Debug|Any CPU
		{EDC410B9-0B18-42BA-A5D4-B82C92C63C83}.Debug|Any CPU.Build.0 = Debug|Any CPU
		{EDC410B9-0B18-42BA-A5D4-B82C92C63C83}.Release|Any CPU.ActiveCfg = Release|Any CPU
		{EDC410B9-0B18-42BA-A5D4-B82C92C63C83}.Release|Any CPU.Build.0 = Release|Any CPU
	EndGlobalSection
	GlobalSection(SolutionProperties) = preSolution
		HideSolutionNode = FALSE
	EndGlobalSection
	GlobalSection(ExtensibilityGlobals) = postSolution
		SolutionGuid = {7219DBF8-BED1-4463-B91A-839B97AAA777}
	EndGlobalSection
EndGlobal
